
Microsoft Visual Studio Solution File, Format Version 12.00
# Visual Studio Version 17
VisualStudioVersion = 17.9.34728.123
MinimumVisualStudioVersion = 10.0.40219.1
Project("{FAE04EC0-301F-11D3-BF4B-00C04F79EFBC}") = "Vlaeminch.Nicolas.A321", "Vlaeminch.Nicolas.A321\Vlaeminch.Nicolas.A321.csproj", "{4126AFEE-F2A3-4F58-8EDF-FD248EA2B419}"
EndProject
Project("{FAE04EC0-301F-11D3-BF4B-00C04F79EFBC}") = "Entidades", "Entidades\Entidades.csproj", "{9D82473E-BDAE-42CD-815E-C1FD5D5030CA}"
EndProject
Global
	GlobalSection(SolutionConfigurationPlatforms) = preSolution
		Debug|Any CPU = Debug|Any CPU
		Release|Any CPU = Release|Any CPU
	EndGlobalSection
	GlobalSection(ProjectConfigurationPlatforms) = postSolution
		{4126AFEE-F2A3-4F58-8EDF-FD248EA2B419}.Debug|Any CPU.ActiveCfg = Debug|Any CPU
		{4126AFEE-F2A3-4F58-8EDF-FD248EA2B419}.Debug|Any CPU.Build.0 = Debug|Any CPU
		{4126AFEE-F2A3-4F58-8EDF-FD248EA2B419}.Release|Any CPU.ActiveCfg = Release|Any CPU
		{4126AFEE-F2A3-4F58-8EDF-FD248EA2B419}.Release|Any CPU.Build.0 = Release|Any CPU
		{9D82473E-BDAE-42CD-815E-C1FD5D5030CA}.Debug|Any CPU.ActiveCfg = Debug|Any CPU
		{9D82473E-BDAE-42CD-815E-C1FD5D5030CA}.Debug|Any CPU.Build.0 = Debug|Any CPU
		{9D82473E-BDAE-42CD-815E-C1FD5D5030CA}.Release|Any CPU.ActiveCfg = Release|Any CPU
		{9D82473E-BDAE-42CD-815E-C1FD5D5030CA}.Release|Any CPU.Build.0 = Release|Any CPU
	EndGlobalSection
	GlobalSection(SolutionProperties) = preSolution
		HideSolutionNode = FALSE
	EndGlobalSection
	GlobalSection(ExtensibilityGlobals) = postSolution
		SolutionGuid = {1990BBDA-0445-47BA-BCF7-5E65B0C92D40}
	EndGlobalSection
EndGlobal
